# This file is generated by running "yarn install" inside your project.
# Manual changes might be lost - proceed with caution!

__metadata:
  version: 6
  cacheKey: 8

"clay@npm:^2.24.1":
  version: 2.24.1
  resolution: "clay@npm:2.24.1"
  checksum: 862b4243f28d7ba8d0129818cdd86b48566512698d673f50d946a4c8108193a0b2d411e4e13b08b2a78ed3cd14f832e8cdff0f2d8069ca71e0ab53f6f51d4fec
  languageName: node
  linkType: hard

"claymorphism-css@npm:^1.0.5":
  version: 1.0.5
  resolution: "claymorphism-css@npm:1.0.5"
  checksum: 387d289f16f7e6eae56dc258bd3264af581125496dc507b3ed3fa9f42bd37961e99190047aa727505e762bfaec8a5f7cde8ce6183b2d02ab929926210e906f4c
  languageName: node
  linkType: hard

"color-convert@npm:^2.0.1":
  version: 2.0.1
  resolution: "color-convert@npm:2.0.1"
  dependencies:
    color-name: ~1.1.4
  checksum: 79e6bdb9fd479a205c71d89574fccfb22bd9053bd98c6c4d870d65c132e5e904e6034978e55b43d69fcaa7433af2016ee203ce76eeba9cfa554b373e7f7db336
  languageName: node
  linkType: hard

"color-name@npm:^1.0.0, color-name@npm:~1.1.4":
  version: 1.1.4
  resolution: "color-name@npm:1.1.4"
  checksum: b0445859521eb4021cd0fb0cc1a75cecf67fceecae89b63f62b201cca8d345baf8b952c966862a9d9a2632987d4f6581f0ec8d957dfacece86f0a7919316f610
  languageName: node
  linkType: hard

"color-string@npm:^1.9.0":
  version: 1.9.0
  resolution: "color-string@npm:1.9.0"
  dependencies:
    color-name: ^1.0.0
    simple-swizzle: ^0.2.2
  checksum: 93c6678b847f8cfa47d19677fd19e1d4b19d7a33f100644400357c298266080b5bca64e5f874fa8ac8cc0aa0606ad44f7a838b4e6fd05e6affea190a68555bb4
  languageName: node
  linkType: hard

"color@npm:^4.1.0":
  version: 4.1.0
  resolution: "color@npm:4.1.0"
  dependencies:
    color-convert: ^2.0.1
    color-string: ^1.9.0
  checksum: 9f2ca574f8453983ab549282962ccdb094d8b5d29de2d162f2bca81c0c82429d1dfac49d8dabf2c0c0369bb7ceae16ceabc9f523f9eaedcba38a464e72091458
  languageName: node
  linkType: hard

"data-uri-to-buffer@npm:^4.0.0":
  version: 4.0.0
  resolution: "data-uri-to-buffer@npm:4.0.0"
  checksum: a010653869abe8bb51259432894ac62c52bf79ad761d418d94396f48c346f2ae739c46b254e8bb5987bded8a653d467db1968db3a69bab1d33aa5567baa5cfc7
  languageName: node
  linkType: hard

"fetch-blob@npm:^3.1.2, fetch-blob@npm:^3.1.4":
  version: 3.2.0
  resolution: "fetch-blob@npm:3.2.0"
  dependencies:
    node-domexception: ^1.0.0
    web-streams-polyfill: ^3.0.3
  checksum: f19bc28a2a0b9626e69fd7cf3a05798706db7f6c7548da657cbf5026a570945f5eeaedff52007ea35c8bcd3d237c58a20bf1543bc568ab2422411d762dd3d5bf
  languageName: node
  linkType: hard

"formdata-polyfill@npm:^4.0.10":
  version: 4.0.10
  resolution: "formdata-polyfill@npm:4.0.10"
  dependencies:
    fetch-blob: ^3.1.2
  checksum: 82a34df292afadd82b43d4a740ce387bc08541e0a534358425193017bf9fb3567875dc5f69564984b1da979979b70703aa73dee715a17b6c229752ae736dd9db
  languageName: node
  linkType: hard

"is-arrayish@npm:^0.3.1":
  version: 0.3.2
  resolution: "is-arrayish@npm:0.3.2"
  checksum: 977e64f54d91c8f169b59afcd80ff19227e9f5c791fa28fa2e5bce355cbaf6c2c356711b734656e80c9dd4a854dd7efcf7894402f1031dfc5de5d620775b4d5f
  languageName: node
  linkType: hard

"node-domexception@npm:^1.0.0":
  version: 1.0.0
  resolution: "node-domexception@npm:1.0.0"
  checksum: ee1d37dd2a4eb26a8a92cd6b64dfc29caec72bff5e1ed9aba80c294f57a31ba4895a60fd48347cf17dd6e766da0ae87d75657dfd1f384ebfa60462c2283f5c7f
  languageName: node
  linkType: hard

"node-fetch@npm:^3.2.10":
  version: 3.2.10
  resolution: "node-fetch@npm:3.2.10"
  dependencies:
    data-uri-to-buffer: ^4.0.0
    fetch-blob: ^3.1.4
    formdata-polyfill: ^4.0.10
  checksum: e65322431f4897ded04197aa5923eaec63a8d53e00432de4e70a4f7006625c8dc32629c5c35f4fe8ee719a4825544d07bf53f6e146a7265914262f493e8deac1
  languageName: node
  linkType: hard

"pure@npm:^2.85.0":
  version: 2.85.0
  resolution: "pure@npm:2.85.0"
  checksum: 8b6b861d99b01c205b992719a83dbe6819ddeea0e41a59cdb3c9c4ec06cbca6900c2cf599c5d9c5d9b8410ee5f121fa2a4696e79a5cd7d695d42a3e983261fee
  languageName: node
  linkType: hard

"purecss@npm:^2.0.6":
  version: 2.0.6
  resolution: "purecss@npm:2.0.6"
  checksum: 9df07727915e6535fabc39b0f5ce6bd608945a148b6dd53ce0f5c7beb02e898b970612565268528d475b62fff7bf4d6bddcb2d7465c96cc98ec6a2d6ae9fb970
  languageName: node
  linkType: hard

"reasonable-colors@npm:^0.4.0":
  version: 0.4.0
  resolution: "reasonable-colors@npm:0.4.0"
  checksum: b86c5b15923892d10bbd5f98ac411084f8849229a0210b2f15f69706b7f8754bd48d542e4b3b6c279c4a024697466aa1165649c5ea7821b41c16993cedab070a
  languageName: node
  linkType: hard

"simple-swizzle@npm:^0.2.2":
  version: 0.2.2
  resolution: "simple-swizzle@npm:0.2.2"
  dependencies:
    is-arrayish: ^0.3.1
  checksum: a7f3f2ab5c76c4472d5c578df892e857323e452d9f392e1b5cf74b74db66e6294a1e1b8b390b519fa1b96b5b613f2a37db6cffef52c3f1f8f3c5ea64eb2d54c0
  languageName: node
  linkType: hard

"web-streams-polyfill@npm:^3.0.3":
  version: 3.2.1
  resolution: "web-streams-polyfill@npm:3.2.1"
  checksum: b119c78574b6d65935e35098c2afdcd752b84268e18746606af149e3c424e15621b6f1ff0b42b2676dc012fc4f0d313f964b41a4b5031e525faa03997457da02
  languageName: node
  linkType: hard

"weight@workspace:.":
  version: 0.0.0-use.local
  resolution: "weight@workspace:."
  dependencies:
    clay: ^2.24.1
    claymorphism-css: ^1.0.5
    color: ^4.1.0
    node-fetch: ^3.2.10
    pure: ^2.85.0
    purecss: ^2.0.6
    reasonable-colors: ^0.4.0
  languageName: unknown
  linkType: soft
