# THIS IS AN AUTOGENERATED FILE. DO NOT EDIT THIS FILE DIRECTLY.
# yarn lockfile v1


clay@^2.24.1:
  version "2.24.1"
  resolved "https://registry.npmjs.org/clay/-/clay-2.24.1.tgz"
  integrity sha512-fAKhayR/7uAdM+VDTsz4UK4g7uJ0KVnuGwwgJ9DVECUrgmrLWlDdto443Lr4zWqAjAiFZd9w5ulNG1MJiidMLw==

claymorphism-css@^1.0.5:
  version "1.0.5"
  resolved "https://registry.npmjs.org/claymorphism-css/-/claymorphism-css-1.0.5.tgz"
  integrity sha512-jbEmVsboW70OHgXRaWLWpVZT22AdrsV8kDWdalxPyqsAx5GJnBFMhHkrMAPof9PqB0sMx/axSXNJshd+OQgT3g==

data-uri-to-buffer@^4.0.0:
  version "4.0.1"
  resolved "https://registry.npmjs.org/data-uri-to-buffer/-/data-uri-to-buffer-4.0.1.tgz"
  integrity sha512-0R9ikRb668HB7QDxT1vkpuUBtqc53YyAwMwGeUFKRojY/NWKvdZ+9UYtRfGmhqNbRkTSVpMbmyhXipFFv2cb/A==

fetch-blob@^3.1.2, fetch-blob@^3.1.4:
  version "3.2.0"
  resolved "https://registry.npmjs.org/fetch-blob/-/fetch-blob-3.2.0.tgz"
  integrity sha512-7yAQpD2UMJzLi1Dqv7qFYnPbaPx7ZfFK6PiIxQ4PfkGPyNyl2Ugx+a/umUonmKqjhM4DnfbMvdX6otXq83soQQ==
  dependencies:
    node-domexception "^1.0.0"
    web-streams-polyfill "^3.0.3"

formdata-polyfill@^4.0.10:
  version "4.0.10"
  resolved "https://registry.npmjs.org/formdata-polyfill/-/formdata-polyfill-4.0.10.tgz"
  integrity sha512-buewHzMvYL29jdeQTVILecSaZKnt/RJWjoZCF5OW60Z67/GmSLBkOFM7qh1PI3zFNtJbaZL5eQu1vLfazOwj4g==
  dependencies:
    fetch-blob "^3.1.2"

node-domexception@^1.0.0:
  version "1.0.0"
  resolved "https://registry.npmjs.org/node-domexception/-/node-domexception-1.0.0.tgz"
  integrity sha512-/jKZoMpw0F8GRwl4/eLROPA3cfcXtLApP0QzLmUT/HuPCZWyB7IY9ZrMeKw2O/nFIqPQB3PVM9aYm0F312AXDQ==

node-fetch@^3.3.1:
  version "3.3.1"
  resolved "https://registry.npmjs.org/node-fetch/-/node-fetch-3.3.1.tgz"
  integrity sha512-cRVc/kyto/7E5shrWca1Wsea4y6tL9iYJE5FBCius3JQfb/4P4I295PfhgbJQBLTx6lATE4z+wK0rPM4VS2uow==
  dependencies:
    data-uri-to-buffer "^4.0.0"
    fetch-blob "^3.1.4"
    formdata-polyfill "^4.0.10"

pure@^2.85.0:
  version "2.85.0"
  resolved "https://registry.npmjs.org/pure/-/pure-2.85.0.tgz"
  integrity sha512-nVpUolIzGCOq12UzwNUKc4k4W7L5KjVRbXmdMJ1OkBvCanbE256KtcWamYegLnadyzk0MqUYiRrl/XSMf7WNqw==

purecss@^3.0.0:
  version "3.0.0"
  resolved "https://registry.npmjs.org/purecss/-/purecss-3.0.0.tgz"
  integrity sha512-IdYbGwbmuA7Hy9ACIO1q7ks4xGLcJSVHxJT2BXIz2c4Ve1aSrNU5bAzA1ILT4Gmdy5K59ruWoRPf9WvJZU5fbA==

reasonable-colors@^0.4.0:
  version "0.4.0"
  resolved "https://registry.npmjs.org/reasonable-colors/-/reasonable-colors-0.4.0.tgz"
  integrity sha512-KrHgNvKPNC/YDUOsYcFxZsK2VFc234e8NcI57BTSv9WxAOtC+gCFpgy62oVdEYoYFoD1mwlGca8EsX59wGb1DQ==

web-streams-polyfill@^3.0.3:
  version "3.2.1"
  resolved "https://registry.npmjs.org/web-streams-polyfill/-/web-streams-polyfill-3.2.1.tgz"
  integrity sha512-e0MO3wdXWKrLbL0DgGnUV7WHVuw9OUvL4hjgnPkIeEvESk74gAITi5G606JtZPp39cd8HA9VQzCIvA49LpPN5Q==
